// !$*UTF8*$!
{
	archiveVersion = 1;
	classes = {
	};
	objectVersion = 46;
	objects = {

/* Begin PBXBuildFile section */
		92C0C64D1E2EA9E800AD86C7 /* AppDelegate.swift in Sources */ = {isa = PBXBuildFile; fileRef = 92C0C64C1E2EA9E800AD86C7 /* AppDelegate.swift */; };
		92C0C64F1E2EA9E800AD86C7 /* ViewController.swift in Sources */ = {isa = PBXBuildFile; fileRef = 92C0C64E1E2EA9E800AD86C7 /* ViewController.swift */; };
		92C0C6521E2EA9E800AD86C7 /* Main.storyboard in Resources */ = {isa = PBXBuildFile; fileRef = 92C0C6501E2EA9E800AD86C7 /* Main.storyboard */; };
		92C0C6541E2EA9E800AD86C7 /* Assets.xcassets in Resources */ = {isa = PBXBuildFile; fileRef = 92C0C6531E2EA9E800AD86C7 /* Assets.xcassets */; };
		92C0C6571E2EA9E800AD86C7 /* LaunchScreen.storyboard in Resources */ = {isa = PBXBuildFile; fileRef = 92C0C6551E2EA9E800AD86C7 /* LaunchScreen.storyboard */; };
		92C0C6631E2EB15900AD86C7 /* StarWarsCharacters.swift in Sources */ = {isa = PBXBuildFile; fileRef = 92C0C6621E2EB15900AD86C7 /* StarWarsCharacters.swift */; };
		92C0C6651E2EC54200AD86C7 /* ForceSensitives.swift in Sources */ = {isa = PBXBuildFile; fileRef = 92C0C6641E2EC54200AD86C7 /* ForceSensitives.swift */; };
		92C0C6671E2EC91200AD86C7 /* StarWarsAffiliation.swift in Sources */ = {isa = PBXBuildFile; fileRef = 92C0C6661E2EC91200AD86C7 /* StarWarsAffiliation.swift */; };
		92C0C66B1E2EDC6F00AD86C7 /* forceSensitives.json in Resources */ = {isa = PBXBuildFile; fileRef = 92C0C66A1E2EDC6F00AD86C7 /* forceSensitives.json */; };
		92C0C66D1E2EDC7B00AD86C7 /* regularCharacters.json in Resources */ = {isa = PBXBuildFile; fileRef = 92C0C66C1E2EDC7B00AD86C7 /* regularCharacters.json */; };
		92C0C68A1E2EDC8E00AD86C7 /* c3po.caf in Resources */ = {isa = PBXBuildFile; fileRef = 92C0C66E1E2EDC8E00AD86C7 /* c3po.caf */; };
		92C0C68B1E2EDC8E00AD86C7 /* c3po.jpg in Resources */ = {isa = PBXBuildFile; fileRef = 92C0C66F1E2EDC8E00AD86C7 /* c3po.jpg */; };
		92C0C68C1E2EDC8E00AD86C7 /* chewie.caf in Resources */ = {isa = PBXBuildFile; fileRef = 92C0C6701E2EDC8E00AD86C7 /* chewie.caf */; };
		92C0C68D1E2EDC8E00AD86C7 /* chewie.jpg in Resources */ = {isa = PBXBuildFile; fileRef = 92C0C6711E2EDC8E00AD86C7 /* chewie.jpg */; };
		92C0C68E1E2EDC8E00AD86C7 /* greedo.caf in Resources */ = {isa = PBXBuildFile; fileRef = 92C0C6721E2EDC8E00AD86C7 /* greedo.caf */; };
		92C0C68F1E2EDC8E00AD86C7 /* greedo.jpg in Resources */ = {isa = PBXBuildFile; fileRef = 92C0C6731E2EDC8E00AD86C7 /* greedo.jpg */; };
		92C0C6901E2EDC8E00AD86C7 /* jabba.caf in Resources */ = {isa = PBXBuildFile; fileRef = 92C0C6741E2EDC8E00AD86C7 /* jabba.caf */; };
		92C0C6911E2EDC8E00AD86C7 /* jabba.jpg in Resources */ = {isa = PBXBuildFile; fileRef = 92C0C6751E2EDC8E00AD86C7 /* jabba.jpg */; };
		92C0C6921E2EDC8E00AD86C7 /* kylo.caf in Resources */ = {isa = PBXBuildFile; fileRef = 92C0C6761E2EDC8E00AD86C7 /* kylo.caf */; };
		92C0C6931E2EDC8E00AD86C7 /* kylo.jpg in Resources */ = {isa = PBXBuildFile; fileRef = 92C0C6771E2EDC8E00AD86C7 /* kylo.jpg */; };
		92C0C6941E2EDC8E00AD86C7 /* leia.caf in Resources */ = {isa = PBXBuildFile; fileRef = 92C0C6781E2EDC8E00AD86C7 /* leia.caf */; };
		92C0C6951E2EDC8E00AD86C7 /* leia.jpg in Resources */ = {isa = PBXBuildFile; fileRef = 92C0C6791E2EDC8E00AD86C7 /* leia.jpg */; };
		92C0C6961E2EDC8E00AD86C7 /* luke.caf in Resources */ = {isa = PBXBuildFile; fileRef = 92C0C67A1E2EDC8E00AD86C7 /* luke.caf */; };
		92C0C6971E2EDC8E00AD86C7 /* luke.jpg in Resources */ = {isa = PBXBuildFile; fileRef = 92C0C67B1E2EDC8E00AD86C7 /* luke.jpg */; };
		92C0C6981E2EDC8E00AD86C7 /* motti.caf in Resources */ = {isa = PBXBuildFile; fileRef = 92C0C67C1E2EDC8E00AD86C7 /* motti.caf */; };
		92C0C6991E2EDC8E00AD86C7 /* motti.jpg in Resources */ = {isa = PBXBuildFile; fileRef = 92C0C67D1E2EDC8E00AD86C7 /* motti.jpg */; };
		92C0C69A1E2EDC8E00AD86C7 /* obiwan.caf in Resources */ = {isa = PBXBuildFile; fileRef = 92C0C67E1E2EDC8E00AD86C7 /* obiwan.caf */; };
		92C0C69B1E2EDC8E00AD86C7 /* obiwan.jpg in Resources */ = {isa = PBXBuildFile; fileRef = 92C0C67F1E2EDC8E00AD86C7 /* obiwan.jpg */; };
		92C0C69C1E2EDC8E00AD86C7 /* palpatine.caf in Resources */ = {isa = PBXBuildFile; fileRef = 92C0C6801E2EDC8E00AD86C7 /* palpatine.caf */; };
		92C0C69D1E2EDC8E00AD86C7 /* palpatine.jpg in Resources */ = {isa = PBXBuildFile; fileRef = 92C0C6811E2EDC8E00AD86C7 /* palpatine.jpg */; };
		92C0C69E1E2EDC8E00AD86C7 /* r2-d2.caf in Resources */ = {isa = PBXBuildFile; fileRef = 92C0C6821E2EDC8E00AD86C7 /* r2-d2.caf */; };
		92C0C69F1E2EDC8E00AD86C7 /* r2-d2.jpg in Resources */ = {isa = PBXBuildFile; fileRef = 92C0C6831E2EDC8E00AD86C7 /* r2-d2.jpg */; };
		92C0C6A01E2EDC8E00AD86C7 /* tarkin.caf in Resources */ = {isa = PBXBuildFile; fileRef = 92C0C6841E2EDC8E00AD86C7 /* tarkin.caf */; };
		92C0C6A11E2EDC8E00AD86C7 /* tarkin.jpg in Resources */ = {isa = PBXBuildFile; fileRef = 92C0C6851E2EDC8E00AD86C7 /* tarkin.jpg */; };
		92C0C6A21E2EDC8E00AD86C7 /* vader.caf in Resources */ = {isa = PBXBuildFile; fileRef = 92C0C6861E2EDC8E00AD86C7 /* vader.caf */; };
		92C0C6A31E2EDC8E00AD86C7 /* vader.jpg in Resources */ = {isa = PBXBuildFile; fileRef = 92C0C6871E2EDC8E00AD86C7 /* vader.jpg */; };
		92C0C6A41E2EDC8E00AD86C7 /* yoda.caf in Resources */ = {isa = PBXBuildFile; fileRef = 92C0C6881E2EDC8E00AD86C7 /* yoda.caf */; };
		92C0C6A51E2EDC8E00AD86C7 /* yoda.jpg in Resources */ = {isa = PBXBuildFile; fileRef = 92C0C6891E2EDC8E00AD86C7 /* yoda.jpg */; };
/* End PBXBuildFile section */

/* Begin PBXFileReference section */
		92C0C6491E2EA9E800AD86C7 /* StarWars.app */ = {isa = PBXFileReference; explicitFileType = wrapper.application; includeInIndex = 0; path = StarWars.app; sourceTree = BUILT_PRODUCTS_DIR; };
		92C0C64C1E2EA9E800AD86C7 /* AppDelegate.swift */ = {isa = PBXFileReference; lastKnownFileType = sourcecode.swift; path = AppDelegate.swift; sourceTree = "<group>"; };
		92C0C64E1E2EA9E800AD86C7 /* ViewController.swift */ = {isa = PBXFileReference; lastKnownFileType = sourcecode.swift; path = ViewController.swift; sourceTree = "<group>"; };
		92C0C6511E2EA9E800AD86C7 /* Base */ = {isa = PBXFileReference; lastKnownFileType = file.storyboard; name = Base; path = Base.lproj/Main.storyboard; sourceTree = "<group>"; };
		92C0C6531E2EA9E800AD86C7 /* Assets.xcassets */ = {isa = PBXFileReference; lastKnownFileType = folder.assetcatalog; path = Assets.xcassets; sourceTree = "<group>"; };
		92C0C6561E2EA9E800AD86C7 /* Base */ = {isa = PBXFileReference; lastKnownFileType = file.storyboard; name = Base; path = Base.lproj/LaunchScreen.storyboard; sourceTree = "<group>"; };
		92C0C6581E2EA9E800AD86C7 /* Info.plist */ = {isa = PBXFileReference; lastKnownFileType = text.plist.xml; path = Info.plist; sourceTree = "<group>"; };
		92C0C6621E2EB15900AD86C7 /* StarWarsCharacters.swift */ = {isa = PBXFileReference; fileEncoding = 4; lastKnownFileType = sourcecode.swift; path = StarWarsCharacters.swift; sourceTree = "<group>"; };
		92C0C6641E2EC54200AD86C7 /* ForceSensitives.swift */ = {isa = PBXFileReference; fileEncoding = 4; lastKnownFileType = sourcecode.swift; path = ForceSensitives.swift; sourceTree = "<group>"; };
		92C0C6661E2EC91200AD86C7 /* StarWarsAffiliation.swift */ = {isa = PBXFileReference; fileEncoding = 4; lastKnownFileType = sourcecode.swift; path = StarWarsAffiliation.swift; sourceTree = "<group>"; };
		92C0C66A1E2EDC6F00AD86C7 /* forceSensitives.json */ = {isa = PBXFileReference; fileEncoding = 4; lastKnownFileType = text.json; path = forceSensitives.json; sourceTree = "<group>"; };
		92C0C66C1E2EDC7B00AD86C7 /* regularCharacters.json */ = {isa = PBXFileReference; fileEncoding = 4; lastKnownFileType = text.json; path = regularCharacters.json; sourceTree = "<group>"; };
		92C0C66E1E2EDC8E00AD86C7 /* c3po.caf */ = {isa = PBXFileReference; lastKnownFileType = file; path = c3po.caf; sourceTree = "<group>"; };
		92C0C66F1E2EDC8E00AD86C7 /* c3po.jpg */ = {isa = PBXFileReference; lastKnownFileType = image.jpeg; path = c3po.jpg; sourceTree = "<group>"; };
		92C0C6701E2EDC8E00AD86C7 /* chewie.caf */ = {isa = PBXFileReference; lastKnownFileType = file; path = chewie.caf; sourceTree = "<group>"; };
		92C0C6711E2EDC8E00AD86C7 /* chewie.jpg */ = {isa = PBXFileReference; lastKnownFileType = image.jpeg; path = chewie.jpg; sourceTree = "<group>"; };
		92C0C6721E2EDC8E00AD86C7 /* greedo.caf */ = {isa = PBXFileReference; lastKnownFileType = file; path = greedo.caf; sourceTree = "<group>"; };
		92C0C6731E2EDC8E00AD86C7 /* greedo.jpg */ = {isa = PBXFileReference; lastKnownFileType = image.jpeg; path = greedo.jpg; sourceTree = "<group>"; };
		92C0C6741E2EDC8E00AD86C7 /* jabba.caf */ = {isa = PBXFileReference; lastKnownFileType = file; path = jabba.caf; sourceTree = "<group>"; };
		92C0C6751E2EDC8E00AD86C7 /* jabba.jpg */ = {isa = PBXFileReference; lastKnownFileType = image.jpeg; path = jabba.jpg; sourceTree = "<group>"; };
		92C0C6761E2EDC8E00AD86C7 /* kylo.caf */ = {isa = PBXFileReference; lastKnownFileType = file; path = kylo.caf; sourceTree = "<group>"; };
		92C0C6771E2EDC8E00AD86C7 /* kylo.jpg */ = {isa = PBXFileReference; lastKnownFileType = image.jpeg; path = kylo.jpg; sourceTree = "<group>"; };
		92C0C6781E2EDC8E00AD86C7 /* leia.caf */ = {isa = PBXFileReference; lastKnownFileType = file; path = leia.caf; sourceTree = "<group>"; };
		92C0C6791E2EDC8E00AD86C7 /* leia.jpg */ = {isa = PBXFileReference; lastKnownFileType = image.jpeg; path = leia.jpg; sourceTree = "<group>"; };
		92C0C67A1E2EDC8E00AD86C7 /* luke.caf */ = {isa = PBXFileReference; lastKnownFileType = file; path = luke.caf; sourceTree = "<group>"; };
		92C0C67B1E2EDC8E00AD86C7 /* luke.jpg */ = {isa = PBXFileReference; lastKnownFileType = image.jpeg; path = luke.jpg; sourceTree = "<group>"; };
		92C0C67C1E2EDC8E00AD86C7 /* motti.caf */ = {isa = PBXFileReference; lastKnownFileType = file; path = motti.caf; sourceTree = "<group>"; };
		92C0C67D1E2EDC8E00AD86C7 /* motti.jpg */ = {isa = PBXFileReference; lastKnownFileType = image.jpeg; path = motti.jpg; sourceTree = "<group>"; };
		92C0C67E1E2EDC8E00AD86C7 /* obiwan.caf */ = {isa = PBXFileReference; lastKnownFileType = file; path = obiwan.caf; sourceTree = "<group>"; };
		92C0C67F1E2EDC8E00AD86C7 /* obiwan.jpg */ = {isa = PBXFileReference; lastKnownFileType = image.jpeg; path = obiwan.jpg; sourceTree = "<group>"; };
		92C0C6801E2EDC8E00AD86C7 /* palpatine.caf */ = {isa = PBXFileReference; lastKnownFileType = file; path = palpatine.caf; sourceTree = "<group>"; };
		92C0C6811E2EDC8E00AD86C7 /* palpatine.jpg */ = {isa = PBXFileReference; lastKnownFileType = image.jpeg; path = palpatine.jpg; sourceTree = "<group>"; };
		92C0C6821E2EDC8E00AD86C7 /* r2-d2.caf */ = {isa = PBXFileReference; lastKnownFileType = file; path = "r2-d2.caf"; sourceTree = "<group>"; };
		92C0C6831E2EDC8E00AD86C7 /* r2-d2.jpg */ = {isa = PBXFileReference; lastKnownFileType = image.jpeg; path = "r2-d2.jpg"; sourceTree = "<group>"; };
		92C0C6841E2EDC8E00AD86C7 /* tarkin.caf */ = {isa = PBXFileReference; lastKnownFileType = file; path = tarkin.caf; sourceTree = "<group>"; };
		92C0C6851E2EDC8E00AD86C7 /* tarkin.jpg */ = {isa = PBXFileReference; lastKnownFileType = image.jpeg; path = tarkin.jpg; sourceTree = "<group>"; };
		92C0C6861E2EDC8E00AD86C7 /* vader.caf */ = {isa = PBXFileReference; lastKnownFileType = file; path = vader.caf; sourceTree = "<group>"; };
		92C0C6871E2EDC8E00AD86C7 /* vader.jpg */ = {isa = PBXFileReference; lastKnownFileType = image.jpeg; path = vader.jpg; sourceTree = "<group>"; };
		92C0C6881E2EDC8E00AD86C7 /* yoda.caf */ = {isa = PBXFileReference; lastKnownFileType = file; path = yoda.caf; sourceTree = "<group>"; };
		92C0C6891E2EDC8E00AD86C7 /* yoda.jpg */ = {isa = PBXFileReference; lastKnownFileType = image.jpeg; path = yoda.jpg; sourceTree = "<group>"; };
/* End PBXFileReference section */

/* Begin PBXFrameworksBuildPhase section */
		92C0C6461E2EA9E800AD86C7 /* Frameworks */ = {
			isa = PBXFrameworksBuildPhase;
			buildActionMask = 2147483647;
			files = (
			);
			runOnlyForDeploymentPostprocessing = 0;
		};
/* End PBXFrameworksBuildPhase section */

/* Begin PBXGroup section */
		92C0C6401E2EA9E700AD86C7 = {
			isa = PBXGroup;
			children = (
				92C0C64B1E2EA9E800AD86C7 /* StarWars */,
				92C0C64A1E2EA9E800AD86C7 /* Products */,
			);
			sourceTree = "<group>";
		};
		92C0C64A1E2EA9E800AD86C7 /* Products */ = {
			isa = PBXGroup;
			children = (
				92C0C6491E2EA9E800AD86C7 /* StarWars.app */,
			);
			name = Products;
			sourceTree = "<group>";
		};
		92C0C64B1E2EA9E800AD86C7 /* StarWars */ = {
			isa = PBXGroup;
			children = (
				92C0C65F1E2EAB8C00AD86C7 /* Frameworks */,
				92C0C65E1E2EAB8000AD86C7 /* App */,
			);
			path = StarWars;
			sourceTree = "<group>";
		};
		92C0C65E1E2EAB8000AD86C7 /* App */ = {
			isa = PBXGroup;
			children = (
				92C0C6681E2EDC3300AD86C7 /* Resources */,
				92C0C6611E2EABCD00AD86C7 /* Models */,
				92C0C64C1E2EA9E800AD86C7 /* AppDelegate.swift */,
				92C0C64E1E2EA9E800AD86C7 /* ViewController.swift */,
				92C0C6501E2EA9E800AD86C7 /* Main.storyboard */,
				92C0C6531E2EA9E800AD86C7 /* Assets.xcassets */,
				92C0C6551E2EA9E800AD86C7 /* LaunchScreen.storyboard */,
				92C0C6581E2EA9E800AD86C7 /* Info.plist */,
			);
			name = App;
			sourceTree = "<group>";
		};
		92C0C65F1E2EAB8C00AD86C7 /* Frameworks */ = {
			isa = PBXGroup;
			children = (
			);
			name = Frameworks;
			sourceTree = "<group>";
		};
		92C0C6611E2EABCD00AD86C7 /* Models */ = {
			isa = PBXGroup;
			children = (
				92C0C6621E2EB15900AD86C7 /* StarWarsCharacters.swift */,
				92C0C6641E2EC54200AD86C7 /* ForceSensitives.swift */,
				92C0C6661E2EC91200AD86C7 /* StarWarsAffiliation.swift */,
			);
			name = Models;
			sourceTree = "<group>";
		};
		92C0C6681E2EDC3300AD86C7 /* Resources */ = {
			isa = PBXGroup;
			children = (
				92C0C66E1E2EDC8E00AD86C7 /* c3po.caf */,
				92C0C66F1E2EDC8E00AD86C7 /* c3po.jpg */,
				92C0C6701E2EDC8E00AD86C7 /* chewie.caf */,
				92C0C6711E2EDC8E00AD86C7 /* chewie.jpg */,
				92C0C6721E2EDC8E00AD86C7 /* greedo.caf */,
				92C0C6731E2EDC8E00AD86C7 /* greedo.jpg */,
				92C0C6741E2EDC8E00AD86C7 /* jabba.caf */,
				92C0C6751E2EDC8E00AD86C7 /* jabba.jpg */,
				92C0C6761E2EDC8E00AD86C7 /* kylo.caf */,
				92C0C6771E2EDC8E00AD86C7 /* kylo.jpg */,
				92C0C6781E2EDC8E00AD86C7 /* leia.caf */,
				92C0C6791E2EDC8E00AD86C7 /* leia.jpg */,
				92C0C67A1E2EDC8E00AD86C7 /* luke.caf */,
				92C0C67B1E2EDC8E00AD86C7 /* luke.jpg */,
				92C0C67C1E2EDC8E00AD86C7 /* motti.caf */,
				92C0C67D1E2EDC8E00AD86C7 /* motti.jpg */,
				92C0C67E1E2EDC8E00AD86C7 /* obiwan.caf */,
				92C0C67F1E2EDC8E00AD86C7 /* obiwan.jpg */,
				92C0C6801E2EDC8E00AD86C7 /* palpatine.caf */,
				92C0C6811E2EDC8E00AD86C7 /* palpatine.jpg */,
				92C0C6821E2EDC8E00AD86C7 /* r2-d2.caf */,
				92C0C6831E2EDC8E00AD86C7 /* r2-d2.jpg */,
				92C0C6841E2EDC8E00AD86C7 /* tarkin.caf */,
				92C0C6851E2EDC8E00AD86C7 /* tarkin.jpg */,
				92C0C6861E2EDC8E00AD86C7 /* vader.caf */,
				92C0C6871E2EDC8E00AD86C7 /* vader.jpg */,
				92C0C6881E2EDC8E00AD86C7 /* yoda.caf */,
				92C0C6891E2EDC8E00AD86C7 /* yoda.jpg */,
				92C0C6691E2EDC4000AD86C7 /* JSON */,
			);
			name = Resources;
			sourceTree = "<group>";
		};
		92C0C6691E2EDC4000AD86C7 /* JSON */ = {
			isa = PBXGroup;
			children = (
				92C0C66C1E2EDC7B00AD86C7 /* regularCharacters.json */,
				92C0C66A1E2EDC6F00AD86C7 /* forceSensitives.json */,
			);
			name = JSON;
			sourceTree = "<group>";
		};
/* End PBXGroup section */

/* Begin PBXNativeTarget section */
		92C0C6481E2EA9E800AD86C7 /* StarWars */ = {
			isa = PBXNativeTarget;
			buildConfigurationList = 92C0C65B1E2EA9E800AD86C7 /* Build configuration list for PBXNativeTarget "StarWars" */;
			buildPhases = (
				92C0C6451E2EA9E800AD86C7 /* Sources */,
				92C0C6461E2EA9E800AD86C7 /* Frameworks */,
				92C0C6471E2EA9E800AD86C7 /* Resources */,
			);
			buildRules = (
			);
			dependencies = (
			);
			name = StarWars;
			productName = StarWars;
			productReference = 92C0C6491E2EA9E800AD86C7 /* StarWars.app */;
			productType = "com.apple.product-type.application";
		};
/* End PBXNativeTarget section */

/* Begin PBXProject section */
		92C0C6411E2EA9E700AD86C7 /* Project object */ = {
			isa = PBXProject;
			attributes = {
				LastSwiftUpdateCheck = 0820;
				LastUpgradeCheck = 0820;
				ORGANIZATIONNAME = "Jose Javier Montes Romero";
				TargetAttributes = {
					92C0C6481E2EA9E800AD86C7 = {
						CreatedOnToolsVersion = 8.2.1;
						ProvisioningStyle = Automatic;
					};
				};
			};
			buildConfigurationList = 92C0C6441E2EA9E700AD86C7 /* Build configuration list for PBXProject "StarWars" */;
			compatibilityVersion = "Xcode 3.2";
			developmentRegion = English;
			hasScannedForEncodings = 0;
			knownRegions = (
				en,
				Base,
			);
			mainGroup = 92C0C6401E2EA9E700AD86C7;
			productRefGroup = 92C0C64A1E2EA9E800AD86C7 /* Products */;
			projectDirPath = "";
			projectRoot = "";
			targets = (
				92C0C6481E2EA9E800AD86C7 /* StarWars */,
			);
		};
/* End PBXProject section */

/* Begin PBXResourcesBuildPhase section */
		92C0C6471E2EA9E800AD86C7 /* Resources */ = {
			isa = PBXResourcesBuildPhase;
			buildActionMask = 2147483647;
			files = (
				92C0C6A31E2EDC8E00AD86C7 /* vader.jpg in Resources */,
				92C0C6A51E2EDC8E00AD86C7 /* yoda.jpg in Resources */,
				92C0C68E1E2EDC8E00AD86C7 /* greedo.caf in Resources */,
				92C0C69D1E2EDC8E00AD86C7 /* palpatine.jpg in Resources */,
				92C0C6931E2EDC8E00AD86C7 /* kylo.jpg in Resources */,
				92C0C6A01E2EDC8E00AD86C7 /* tarkin.caf in Resources */,
				92C0C66B1E2EDC6F00AD86C7 /* forceSensitives.json in Resources */,
				92C0C6571E2EA9E800AD86C7 /* LaunchScreen.storyboard in Resources */,
				92C0C68B1E2EDC8E00AD86C7 /* c3po.jpg in Resources */,
				92C0C6A11E2EDC8E00AD86C7 /* tarkin.jpg in Resources */,
				92C0C6911E2EDC8E00AD86C7 /* jabba.jpg in Resources */,
				92C0C69A1E2EDC8E00AD86C7 /* obiwan.caf in Resources */,
				92C0C69E1E2EDC8E00AD86C7 /* r2-d2.caf in Resources */,
				92C0C6981E2EDC8E00AD86C7 /* motti.caf in Resources */,
				92C0C6A41E2EDC8E00AD86C7 /* yoda.caf in Resources */,
				92C0C6541E2EA9E800AD86C7 /* Assets.xcassets in Resources */,
				92C0C6971E2EDC8E00AD86C7 /* luke.jpg in Resources */,
				92C0C68A1E2EDC8E00AD86C7 /* c3po.caf in Resources */,
				92C0C69C1E2EDC8E00AD86C7 /* palpatine.caf in Resources */,
				92C0C6921E2EDC8E00AD86C7 /* kylo.caf in Resources */,
				92C0C6961E2EDC8E00AD86C7 /* luke.caf in Resources */,
				92C0C6521E2EA9E800AD86C7 /* Main.storyboard in Resources */,
				92C0C66D1E2EDC7B00AD86C7 /* regularCharacters.json in Resources */,
				92C0C6941E2EDC8E00AD86C7 /* leia.caf in Resources */,
				92C0C6951E2EDC8E00AD86C7 /* leia.jpg in Resources */,
				92C0C68D1E2EDC8E00AD86C7 /* chewie.jpg in Resources */,
				92C0C6991E2EDC8E00AD86C7 /* motti.jpg in Resources */,
				92C0C6901E2EDC8E00AD86C7 /* jabba.caf in Resources */,
				92C0C6A21E2EDC8E00AD86C7 /* vader.caf in Resources */,
				92C0C68C1E2EDC8E00AD86C7 /* chewie.caf in Resources */,
				92C0C69B1E2EDC8E00AD86C7 /* obiwan.jpg in Resources */,
				92C0C68F1E2EDC8E00AD86C7 /* greedo.jpg in Resources */,
				92C0C69F1E2EDC8E00AD86C7 /* r2-d2.jpg in Resources */,
			);
			runOnlyForDeploymentPostprocessing = 0;
		};
/* End PBXResourcesBuildPhase section */

/* Begin PBXSourcesBuildPhase section */
		92C0C6451E2EA9E800AD86C7 /* Sources */ = {
			isa = PBXSourcesBuildPhase;
			buildActionMask = 2147483647;
			files = (
				92C0C6651E2EC54200AD86C7 /* ForceSensitives.swift in Sources */,
				92C0C6671E2EC91200AD86C7 /* StarWarsAffiliation.swift in Sources */,
				92C0C64F1E2EA9E800AD86C7 /* ViewController.swift in Sources */,
				92C0C64D1E2EA9E800AD86C7 /* AppDelegate.swift in Sources */,
				92C0C6631E2EB15900AD86C7 /* StarWarsCharacters.swift in Sources */,
			);
			runOnlyForDeploymentPostprocessing = 0;
		};
/* End PBXSourcesBuildPhase section */

/* Begin PBXVariantGroup section */
		92C0C6501E2EA9E800AD86C7 /* Main.storyboard */ = {
			isa = PBXVariantGroup;
			children = (
				92C0C6511E2EA9E800AD86C7 /* Base */,
			);
			name = Main.storyboard;
			sourceTree = "<group>";
		};
		92C0C6551E2EA9E800AD86C7 /* LaunchScreen.storyboard */ = {
			isa = PBXVariantGroup;
			children = (
				92C0C6561E2EA9E800AD86C7 /* Base */,
			);
			name = LaunchScreen.storyboard;
			sourceTree = "<group>";
		};
/* End PBXVariantGroup section */

/* Begin XCBuildConfiguration section */
		92C0C6591E2EA9E800AD86C7 /* Debug */ = {
			isa = XCBuildConfiguration;
			buildSettings = {
				ALWAYS_SEARCH_USER_PATHS = NO;
				CLANG_ANALYZER_NONNULL = YES;
				CLANG_CXX_LANGUAGE_STANDARD = "gnu++0x";
				CLANG_CXX_LIBRARY = "libc++";
				CLANG_ENABLE_MODULES = YES;
				CLANG_ENABLE_OBJC_ARC = YES;
				CLANG_WARN_BOOL_CONVERSION = YES;
				CLANG_WARN_CONSTANT_CONVERSION = YES;
				CLANG_WARN_DIRECT_OBJC_ISA_USAGE = YES_ERROR;
				CLANG_WARN_DOCUMENTATION_COMMENTS = YES;
				CLANG_WARN_EMPTY_BODY = YES;
				CLANG_WARN_ENUM_CONVERSION = YES;
				CLANG_WARN_INFINITE_RECURSION = YES;
				CLANG_WARN_INT_CONVERSION = YES;
				CLANG_WARN_OBJC_ROOT_CLASS = YES_ERROR;
				CLANG_WARN_SUSPICIOUS_MOVE = YES;
				CLANG_WARN_UNREACHABLE_CODE = YES;
				CLANG_WARN__DUPLICATE_METHOD_MATCH = YES;
				"CODE_SIGN_IDENTITY[sdk=iphoneos*]" = "iPhone Developer";
				COPY_PHASE_STRIP = NO;
				DEBUG_INFORMATION_FORMAT = dwarf;
				ENABLE_STRICT_OBJC_MSGSEND = YES;
				ENABLE_TESTABILITY = YES;
				GCC_C_LANGUAGE_STANDARD = gnu99;
				GCC_DYNAMIC_NO_PIC = NO;
				GCC_NO_COMMON_BLOCKS = YES;
				GCC_OPTIMIZATION_LEVEL = 0;
				GCC_PREPROCESSOR_DEFINITIONS = (
					"DEBUG=1",
					"$(inherited)",
				);
				GCC_WARN_64_TO_32_BIT_CONVERSION = YES;
				GCC_WARN_ABOUT_RETURN_TYPE = YES_ERROR;
				GCC_WARN_UNDECLARED_SELECTOR = YES;
				GCC_WARN_UNINITIALIZED_AUTOS = YES_AGGRESSIVE;
				GCC_WARN_UNUSED_FUNCTION = YES;
				GCC_WARN_UNUSED_VARIABLE = YES;
				IPHONEOS_DEPLOYMENT_TARGET = 10.2;
				MTL_ENABLE_DEBUG_INFO = YES;
				ONLY_ACTIVE_ARCH = YES;
				SDKROOT = iphoneos;
				SWIFT_ACTIVE_COMPILATION_CONDITIONS = DEBUG;
				SWIFT_OPTIMIZATION_LEVEL = "-Onone";
			};
			name = Debug;
		};
		92C0C65A1E2EA9E800AD86C7 /* Release */ = {
			isa = XCBuildConfiguration;
			buildSettings = {
				ALWAYS_SEARCH_USER_PATHS = NO;
				CLANG_ANALYZER_NONNULL = YES;
				CLANG_CXX_LANGUAGE_STANDARD = "gnu++0x";
				CLANG_CXX_LIBRARY = "libc++";
				CLANG_ENABLE_MODULES = YES;
				CLANG_ENABLE_OBJC_ARC = YES;
				CLANG_WARN_BOOL_CONVERSION = YES;
				CLANG_WARN_CONSTANT_CONVERSION = YES;
				CLANG_WARN_DIRECT_OBJC_ISA_USAGE = YES_ERROR;
				CLANG_WARN_DOCUMENTATION_COMMENTS = YES;
				CLANG_WARN_EMPTY_BODY = YES;
				CLANG_WARN_ENUM_CONVERSION = YES;
				CLANG_WARN_INFINITE_RECURSION = YES;
				CLANG_WARN_INT_CONVERSION = YES;
				CLANG_WARN_OBJC_ROOT_CLASS = YES_ERROR;
				CLANG_WARN_SUSPICIOUS_MOVE = YES;
				CLANG_WARN_UNREACHABLE_CODE = YES;
				CLANG_WARN__DUPLICATE_METHOD_MATCH = YES;
				"CODE_SIGN_IDENTITY[sdk=iphoneos*]" = "iPhone Developer";
				COPY_PHASE_STRIP = NO;
				DEBUG_INFORMATION_FORMAT = "dwarf-with-dsym";
				ENABLE_NS_ASSERTIONS = NO;
				ENABLE_STRICT_OBJC_MSGSEND = YES;
				GCC_C_LANGUAGE_STANDARD = gnu99;
				GCC_NO_COMMON_BLOCKS = YES;
				GCC_WARN_64_TO_32_BIT_CONVERSION = YES;
				GCC_WARN_ABOUT_RETURN_TYPE = YES_ERROR;
				GCC_WARN_UNDECLARED_SELECTOR = YES;
				GCC_WARN_UNINITIALIZED_AUTOS = YES_AGGRESSIVE;
				GCC_WARN_UNUSED_FUNCTION = YES;
				GCC_WARN_UNUSED_VARIABLE = YES;
				IPHONEOS_DEPLOYMENT_TARGET = 10.2;
				MTL_ENABLE_DEBUG_INFO = NO;
				SDKROOT = iphoneos;
				SWIFT_OPTIMIZATION_LEVEL = "-Owholemodule";
				VALIDATE_PRODUCT = YES;
			};
			name = Release;
		};
		92C0C65C1E2EA9E800AD86C7 /* Debug */ = {
			isa = XCBuildConfiguration;
			buildSettings = {
				ASSETCATALOG_COMPILER_APPICON_NAME = AppIcon;
				INFOPLIST_FILE = StarWars/Info.plist;
				LD_RUNPATH_SEARCH_PATHS = "$(inherited) @executable_path/Frameworks";
				PRODUCT_BUNDLE_IDENTIFIER = jjm.StarWars;
				PRODUCT_NAME = "$(TARGET_NAME)";
				SWIFT_VERSION = 3.0;
			};
			name = Debug;
		};
		92C0C65D1E2EA9E800AD86C7 /* Release */ = {
			isa = XCBuildConfiguration;
			buildSettings = {
				ASSETCATALOG_COMPILER_APPICON_NAME = AppIcon;
				INFOPLIST_FILE = StarWars/Info.plist;
				LD_RUNPATH_SEARCH_PATHS = "$(inherited) @executable_path/Frameworks";
				PRODUCT_BUNDLE_IDENTIFIER = jjm.StarWars;
				PRODUCT_NAME = "$(TARGET_NAME)";
				SWIFT_VERSION = 3.0;
			};
			name = Release;
		};
/* End XCBuildConfiguration section */

/* Begin XCConfigurationList section */
		92C0C6441E2EA9E700AD86C7 /* Build configuration list for PBXProject "StarWars" */ = {
			isa = XCConfigurationList;
			buildConfigurations = (
				92C0C6591E2EA9E800AD86C7 /* Debug */,
				92C0C65A1E2EA9E800AD86C7 /* Release */,
			);
			defaultConfigurationIsVisible = 0;
			defaultConfigurationName = Release;
		};
		92C0C65B1E2EA9E800AD86C7 /* Build configuration list for PBXNativeTarget "StarWars" */ = {
			isa = XCConfigurationList;
			buildConfigurations = (
				92C0C65C1E2EA9E800AD86C7 /* Debug */,
				92C0C65D1E2EA9E800AD86C7 /* Release */,
			);
			defaultConfigurationIsVisible = 0;
		};
/* End XCConfigurationList section */
	};
	rootObject = 92C0C6411E2EA9E700AD86C7 /* Project object */;
}
